// !$*UTF8*$!
{
	archiveVersion = 1;
	classes = {
	};
	objectVersion = 52;
	objects = {

/* Begin PBXBuildFile section */
		0207DA581B56EA530066E2B4 /* Images.xcassets in Resources */ = {isa = PBXBuildFile; fileRef = 0207DA571B56EA530066E2B4 /* Images.xcassets */; };
		1D3623260D0F684500981E51 /* AppDelegate.m in Sources */ = {isa = PBXBuildFile; fileRef = 1D3623250D0F684500981E51 /* AppDelegate.m */; };
		1D60589B0D05DD56006BFB54 /* main.m in Sources */ = {isa = PBXBuildFile; fileRef = 29B97316FDCFA39411CA2CEA /* main.m */; };
		301BF552109A68D80062928A /* libCordova.a in Frameworks */ = {isa = PBXBuildFile; fileRef = 301BF535109A57CC0062928A /* libCordova.a */; settings = {ATTRIBUTES = (Required, ); }; };
		302D95F114D2391D003F00A1 /* MainViewController.m in Sources */ = {isa = PBXBuildFile; fileRef = 302D95EF14D2391D003F00A1 /* MainViewController.m */; };
		302D95F214D2391D003F00A1 /* MainViewController.xib in Resources */ = {isa = PBXBuildFile; fileRef = 302D95F014D2391D003F00A1 /* MainViewController.xib */; };
		5BDE9A1C944DEFBA33E40AE3 /* Pods_Seattle_Metro_Bus_Tracker.framework in Frameworks */ = {isa = PBXBuildFile; fileRef = BD85FF5004FA503559AD39A5 /* Pods_Seattle_Metro_Bus_Tracker.framework */; };
		6AFF5BF91D6E424B00AB3073 /* CDVLaunchScreen.storyboard in Resources */ = {isa = PBXBuildFile; fileRef = 6AFF5BF81D6E424B00AB3073 /* CDVLaunchScreen.storyboard */; };
		B53AE1B5374A409C954B4FF6 /* AppTrackingTransparency.framework in Frameworks */ = {isa = PBXBuildFile; fileRef = 82B191086696434FB2F06303 /* AppTrackingTransparency.framework */; settings = {ATTRIBUTES = (Weak, ); }; };
		9C49E0B3A56149B79F0405D5 /* StoreKit.framework in Frameworks */ = {isa = PBXBuildFile; fileRef = 2ED99AEE957646CFAB92513D /* StoreKit.framework */; };
		842541F559F44D2AA3E98161 /* CDVWKWebViewFileXhr.m in Sources */ = {isa = PBXBuildFile; fileRef = 4DE79CD915FB4AA7A52748C8 /* CDVWKWebViewFileXhr.m */; };
		CFAC7E41003E413B8AC23505 /* WebKit.framework in Frameworks */ = {isa = PBXBuildFile; fileRef = A0318FAE7F3A40F288F94489 /* WebKit.framework */; settings = {ATTRIBUTES = (Weak, ); }; };
		666685064284413AA1646258 /* CDVLocation.m in Sources */ = {isa = PBXBuildFile; fileRef = 8C975F2600604B87A268E215 /* CDVLocation.m */; };
		9A2034702CD24491ACCD6D73 /* CoreLocation.framework in Frameworks */ = {isa = PBXBuildFile; fileRef = 610D6F684C254F8296B9FDF3 /* CoreLocation.framework */; };
		9CD2F6BEA6BE431780447352 /* CDVDevice.m in Sources */ = {isa = PBXBuildFile; fileRef = 8C39D41A77D14FE8BB17D9D7 /* CDVDevice.m */; };
		0507D46356224C20AE9DFCB0 /* CDVDevice.bundle in Resources */ = {isa = PBXBuildFile; fileRef = FF3FEE0C6B3B47ED82EEBA0D /* CDVDevice.bundle */; };
		F8CC6F7D8311418C9147F876 /* InAppPurchase.m in Sources */ = {isa = PBXBuildFile; fileRef = 75B7BCD676784F92BF248212 /* InAppPurchase.m */; };
		2BF42D6A08664F5EBA70A488 /* SKProduct+LocalizedPrice.m in Sources */ = {isa = PBXBuildFile; fileRef = 3FD5851E7E15430789E9E1F6 /* SKProduct+LocalizedPrice.m */; };
		46E6DD31DF8241D8A7FF2E1F /* SKProductDiscount+LocalizedPrice.m in Sources */ = {isa = PBXBuildFile; fileRef = 3F4D3EDE43BB4F8A981B225D /* SKProductDiscount+LocalizedPrice.m */; };
		075447D703FF413FA7D48926 /* FileUtility.m in Sources */ = {isa = PBXBuildFile; fileRef = FF898388BAAD467095D281B2 /* FileUtility.m */; };
		0B3D1FB2F31F42A0AA966A5D /* CDVInAppBrowserOptions.m in Sources */ = {isa = PBXBuildFile; fileRef = E38DCBFFBF81405A84BE5E2B /* CDVInAppBrowserOptions.m */; };
		090B9E795379494B86ACB0C7 /* CDVInAppBrowserNavigationController.m in Sources */ = {isa = PBXBuildFile; fileRef = 086BB0BC1D554515B2AFE2B4 /* CDVInAppBrowserNavigationController.m */; };
		E01F5ED31FC940939C1C3411 /* CDVWKInAppBrowser.m in Sources */ = {isa = PBXBuildFile; fileRef = 90EFD954D73E45CC84AAECDE /* CDVWKInAppBrowser.m */; };
		C04085D9476B497D8249EFEA /* CDVWKInAppBrowserUIDelegate.m in Sources */ = {isa = PBXBuildFile; fileRef = D8982C4B32F44CE6A799BDAF /* CDVWKInAppBrowserUIDelegate.m */; };
		E2C45D75817B4AA8B9CD8061 /* CDVNotification.m in Sources */ = {isa = PBXBuildFile; fileRef = DD215282F75B4CF4A90219C4 /* CDVNotification.m */; };
		F8546B14E5B14D62868D207C /* CDVNotification.bundle in Resources */ = {isa = PBXBuildFile; fileRef = 16BCE46A49AB474988FAA1ED /* CDVNotification.bundle */; };
		BDDFF9DEA81241A7820F0960 /* AudioToolbox.framework in Frameworks */ = {isa = PBXBuildFile; fileRef = AF0929A927BF4623B791CC49 /* AudioToolbox.framework */; settings = {ATTRIBUTES = (Weak, ); }; };
		E2DC25C402D14BE4B59A48E3 /* NativeStorage.m in Sources */ = {isa = PBXBuildFile; fileRef = 9CE82E6ACAE940B197457418 /* NativeStorage.m */; };
		6942C6DA331A4A8490B1492A /* CDVAppRate.m in Sources */ = {isa = PBXBuildFile; fileRef = 15EDB64B1A754964A0A87DDF /* CDVAppRate.m */; };
		3585DF8EA22D442197EF6C66 /* IdfaPlugin.m in Sources */ = {isa = PBXBuildFile; fileRef = CBCB10325EE8427A8217129C /* IdfaPlugin.m */; };
		3652EAFBD51F4A7FB00E7FB8 /* AdSupport.framework in Frameworks */ = {isa = PBXBuildFile; fileRef = FCF5D5C8412F42C0BDEBEFCD /* AdSupport.framework */; settings = {ATTRIBUTES = (Weak, ); }; };
		352A20B7159B4444B73FC351 /* AMBAdBase.swift in Sources */ = {isa = PBXBuildFile; fileRef = FD2850E4067D4FF3BC11C98C /* AMBAdBase.swift */; };
		7F7A149E89644818AA000E2B /* AMBAppOpenAd.swift in Sources */ = {isa = PBXBuildFile; fileRef = 50ACB89B8A5E494DA21B94D3 /* AMBAppOpenAd.swift */; };
		C69E4535B59946BD97A90E6C /* AMBBanner.swift in Sources */ = {isa = PBXBuildFile; fileRef = EB022569E7834FA5B9638F5D /* AMBBanner.swift */; };
		7DEB728B8C394A25A8CE56A9 /* AMBContext.swift in Sources */ = {isa = PBXBuildFile; fileRef = 21DC449F6D63480AACE046D4 /* AMBContext.swift */; };
		B6DD3EF15AEF435D92CC1956 /* AMBCore.swift in Sources */ = {isa = PBXBuildFile; fileRef = 886D57522E514EC5A75B5105 /* AMBCore.swift */; };
		71C27377DA454F09821519B7 /* AMBGenerated.swift in Sources */ = {isa = PBXBuildFile; fileRef = 8A570E86D7404076B65A4E89 /* AMBGenerated.swift */; };
		2E6052CCA0594FD6B7A378EC /* AMBInterstitial.swift in Sources */ = {isa = PBXBuildFile; fileRef = F64047CD6B3646ED9E777921 /* AMBInterstitial.swift */; };
		996C30383FCE49FA88BCF6C3 /* AMBNativeAd.swift in Sources */ = {isa = PBXBuildFile; fileRef = 6A47177BF2944751B66F6509 /* AMBNativeAd.swift */; };
		B2A0B8BDCB9A4F178EAE4438 /* AMBPlugin.swift in Sources */ = {isa = PBXBuildFile; fileRef = 4ACA80695CC64A96ABA327F1 /* AMBPlugin.swift */; };
		5C294437DF914556BEA74FAE /* AMBRewarded.swift in Sources */ = {isa = PBXBuildFile; fileRef = E966AE4D29AB43758D45746E /* AMBRewarded.swift */; };
		B12E824D28FA40E18C91DF6C /* AMBRewardedInterstitial.swift in Sources */ = {isa = PBXBuildFile; fileRef = 3A5498C0F82F43AC89DC7B8C /* AMBRewardedInterstitial.swift */; };
/* End PBXBuildFile section */

/* Begin PBXContainerItemProxy section */
		301BF534109A57CC0062928A /* PBXContainerItemProxy */ = {
			isa = PBXContainerItemProxy;
			containerPortal = 301BF52D109A57CC0062928A /* CordovaLib.xcodeproj */;
			proxyType = 2;
			remoteGlobalIDString = D2AAC07E0554694100DB518D;
			remoteInfo = CordovaLib;
		};
		301BF550109A68C00062928A /* PBXContainerItemProxy */ = {
			isa = PBXContainerItemProxy;
			containerPortal = 301BF52D109A57CC0062928A /* CordovaLib.xcodeproj */;
			proxyType = 1;
			remoteGlobalIDString = D2AAC07D0554694100DB518D;
			remoteInfo = CordovaLib;
		};
		907D8123214C687600058A10 /* PBXContainerItemProxy */ = {
			isa = PBXContainerItemProxy;
			containerPortal = 301BF52D109A57CC0062928A /* CordovaLib.xcodeproj */;
			proxyType = 2;
			remoteGlobalIDString = C0C01EB21E3911D50056E6CB;
			remoteInfo = Cordova;
		};
/* End PBXContainerItemProxy section */

/* Begin PBXFileReference section */
		0207DA571B56EA530066E2B4 /* Images.xcassets */ = {isa = PBXFileReference; lastKnownFileType = folder.assetcatalog; name = Images.xcassets; path = "Seattle Metro Bus Tracker/Images.xcassets"; sourceTree = SOURCE_ROOT; };
		03A3B4C29F8FDC8DDB0F84F2 /* Pods-Seattle Metro Bus Tracker.debug.xcconfig */ = {isa = PBXFileReference; includeInIndex = 1; lastKnownFileType = text.xcconfig; name = "Pods-Seattle Metro Bus Tracker.debug.xcconfig"; path = "Target Support Files/Pods-Seattle Metro Bus Tracker/Pods-Seattle Metro Bus Tracker.debug.xcconfig"; sourceTree = "<group>"; };
		0724E59260A00F34B9FB54DA /* Pods-Seattle Metro Bus Tracker.release.xcconfig */ = {isa = PBXFileReference; includeInIndex = 1; lastKnownFileType = text.xcconfig; name = "Pods-Seattle Metro Bus Tracker.release.xcconfig"; path = "Target Support Files/Pods-Seattle Metro Bus Tracker/Pods-Seattle Metro Bus Tracker.release.xcconfig"; sourceTree = "<group>"; };
		1D3623240D0F684500981E51 /* AppDelegate.h */ = {isa = PBXFileReference; fileEncoding = 4; lastKnownFileType = sourcecode.c.h; path = AppDelegate.h; sourceTree = "<group>"; };
		1D3623250D0F684500981E51 /* AppDelegate.m */ = {isa = PBXFileReference; fileEncoding = 4; lastKnownFileType = sourcecode.c.objc; path = AppDelegate.m; sourceTree = "<group>"; };
		1D6058910D05DD3D006BFB54 /* Seattle Metro Bus Tracker.app */ = {isa = PBXFileReference; explicitFileType = wrapper.application; includeInIndex = 0; path = "Seattle Metro Bus Tracker.app"; sourceTree = BUILT_PRODUCTS_DIR; };
		29B97316FDCFA39411CA2CEA /* main.m */ = {isa = PBXFileReference; fileEncoding = 4; lastKnownFileType = sourcecode.c.objc; path = main.m; sourceTree = "<group>"; };
		301BF52D109A57CC0062928A /* CordovaLib.xcodeproj */ = {isa = PBXFileReference; lastKnownFileType = "wrapper.pb-project"; name = CordovaLib.xcodeproj; path = CordovaLib/CordovaLib.xcodeproj; sourceTree = "<group>"; };
		301BF56E109A69640062928A /* www */ = {isa = PBXFileReference; lastKnownFileType = folder; path = www; sourceTree = SOURCE_ROOT; };
		302D95EE14D2391D003F00A1 /* MainViewController.h */ = {isa = PBXFileReference; fileEncoding = 4; lastKnownFileType = sourcecode.c.h; path = MainViewController.h; sourceTree = "<group>"; };
		302D95EF14D2391D003F00A1 /* MainViewController.m */ = {isa = PBXFileReference; fileEncoding = 4; lastKnownFileType = sourcecode.c.objc; path = MainViewController.m; sourceTree = "<group>"; };
		302D95F014D2391D003F00A1 /* MainViewController.xib */ = {isa = PBXFileReference; fileEncoding = 4; lastKnownFileType = file.xib; path = MainViewController.xib; sourceTree = "<group>"; };
		3047A50F1AB8059700498E2A /* build-debug.xcconfig */ = {isa = PBXFileReference; fileEncoding = 4; lastKnownFileType = text.xcconfig; name = "build-debug.xcconfig"; path = "cordova/build-debug.xcconfig"; sourceTree = SOURCE_ROOT; };
		3047A5101AB8059700498E2A /* build-release.xcconfig */ = {isa = PBXFileReference; fileEncoding = 4; lastKnownFileType = text.xcconfig; name = "build-release.xcconfig"; path = "cordova/build-release.xcconfig"; sourceTree = SOURCE_ROOT; };
		3047A5111AB8059700498E2A /* build.xcconfig */ = {isa = PBXFileReference; fileEncoding = 4; lastKnownFileType = text.xcconfig; name = build.xcconfig; path = cordova/build.xcconfig; sourceTree = SOURCE_ROOT; };
		32CA4F630368D1EE00C91783 /* Seattle Metro Bus Tracker-Prefix.pch */ = {isa = PBXFileReference; fileEncoding = 4; lastKnownFileType = sourcecode.c.h; path = "Seattle Metro Bus Tracker-Prefix.pch"; sourceTree = "<group>"; };
		6AFF5BF81D6E424B00AB3073 /* CDVLaunchScreen.storyboard */ = {isa = PBXFileReference; fileEncoding = 4; lastKnownFileType = file.storyboard; name = CDVLaunchScreen.storyboard; path = "Seattle Metro Bus Tracker/CDVLaunchScreen.storyboard"; sourceTree = SOURCE_ROOT; };
		82B191086696434FB2F06303 /* AppTrackingTransparency.framework */ = {isa = PBXFileReference; explicitFileType = undefined; fileEncoding = undefined; includeInIndex = 0; lastKnownFileType = wrapper.framework; name = AppTrackingTransparency.framework; path = System/Library/Frameworks/AppTrackingTransparency.framework; sourceTree = SDKROOT; };
		8D1107310486CEB800E47090 /* Seattle Metro Bus Tracker-Info.plist */ = {isa = PBXFileReference; fileEncoding = 4; lastKnownFileType = text.plist.xml; name = "Seattle Metro Bus Tracker-Info.plist"; path = "Seattle Metro Bus Tracker/Seattle Metro Bus Tracker-Info.plist"; plistStructureDefinitionIdentifier = "com.apple.xcode.plist.structure-definition.iphone.info-plist"; sourceTree = SOURCE_ROOT; };
		BD85FF5004FA503559AD39A5 /* Pods_Seattle_Metro_Bus_Tracker.framework */ = {isa = PBXFileReference; explicitFileType = wrapper.framework; includeInIndex = 0; path = Pods_Seattle_Metro_Bus_Tracker.framework; sourceTree = BUILT_PRODUCTS_DIR; };
		EB87FDF31871DA8E0020F90C /* www */ = {isa = PBXFileReference; lastKnownFileType = folder; name = www; path = ../../www; sourceTree = "<group>"; };
		EB87FDF41871DAF40020F90C /* config.xml */ = {isa = PBXFileReference; lastKnownFileType = text.xml; name = config.xml; path = ../../config.xml; sourceTree = "<group>"; };
		ED33DF2A687741AEAF9F8254 /* Bridging-Header.h */ = {isa = PBXFileReference; fileEncoding = 4; lastKnownFileType = sourcecode.c.h; path = "Bridging-Header.h"; sourceTree = "<group>"; };
		F840E1F0165FE0F500CFE078 /* config.xml */ = {isa = PBXFileReference; lastKnownFileType = text.xml; name = config.xml; path = "Seattle Metro Bus Tracker/config.xml"; sourceTree = "<group>"; };
		2ED99AEE957646CFAB92513D /* StoreKit.framework */ = {isa = PBXFileReference; name = "StoreKit.framework"; path = "System/Library/Frameworks/StoreKit.framework"; sourceTree = SDKROOT; fileEncoding = undefined; lastKnownFileType = wrapper.framework; explicitFileType = undefined; includeInIndex = 0; };
		4DE79CD915FB4AA7A52748C8 /* CDVWKWebViewFileXhr.m */ = {isa = PBXFileReference; name = "CDVWKWebViewFileXhr.m"; path = "cordova-plugin-wkwebview-file-xhr/CDVWKWebViewFileXhr.m"; sourceTree = "<group>"; fileEncoding = 4; lastKnownFileType = sourcecode.c.objc; explicitFileType = undefined; includeInIndex = 0; };
		DAE9528043E149E5BBDF2836 /* CDVWKWebViewFileXhr.h */ = {isa = PBXFileReference; name = "CDVWKWebViewFileXhr.h"; path = "cordova-plugin-wkwebview-file-xhr/CDVWKWebViewFileXhr.h"; sourceTree = "<group>"; fileEncoding = 4; lastKnownFileType = sourcecode.c.h; explicitFileType = undefined; includeInIndex = 0; };
		A0318FAE7F3A40F288F94489 /* WebKit.framework */ = {isa = PBXFileReference; name = "WebKit.framework"; path = "System/Library/Frameworks/WebKit.framework"; sourceTree = SDKROOT; fileEncoding = undefined; lastKnownFileType = wrapper.framework; explicitFileType = undefined; includeInIndex = 0; };
		8C975F2600604B87A268E215 /* CDVLocation.m */ = {isa = PBXFileReference; name = "CDVLocation.m"; path = "cordova-plugin-geolocation/CDVLocation.m"; sourceTree = "<group>"; fileEncoding = 4; lastKnownFileType = sourcecode.c.objc; explicitFileType = undefined; includeInIndex = 0; };
		A966B5A4048146CDBC753818 /* CDVLocation.h */ = {isa = PBXFileReference; name = "CDVLocation.h"; path = "cordova-plugin-geolocation/CDVLocation.h"; sourceTree = "<group>"; fileEncoding = 4; lastKnownFileType = sourcecode.c.h; explicitFileType = undefined; includeInIndex = 0; };
		610D6F684C254F8296B9FDF3 /* CoreLocation.framework */ = {isa = PBXFileReference; name = "CoreLocation.framework"; path = "System/Library/Frameworks/CoreLocation.framework"; sourceTree = SDKROOT; fileEncoding = undefined; lastKnownFileType = wrapper.framework; explicitFileType = undefined; includeInIndex = 0; };
		8C39D41A77D14FE8BB17D9D7 /* CDVDevice.m */ = {isa = PBXFileReference; name = "CDVDevice.m"; path = "cordova-plugin-device/CDVDevice.m"; sourceTree = "<group>"; fileEncoding = 4; lastKnownFileType = sourcecode.c.objc; explicitFileType = undefined; includeInIndex = 0; };
		9E537C82403A40AE944A6B03 /* CDVDevice.h */ = {isa = PBXFileReference; name = "CDVDevice.h"; path = "cordova-plugin-device/CDVDevice.h"; sourceTree = "<group>"; fileEncoding = 4; lastKnownFileType = sourcecode.c.h; explicitFileType = undefined; includeInIndex = 0; };
		FF3FEE0C6B3B47ED82EEBA0D /* CDVDevice.bundle */ = {isa = PBXFileReference; name = "CDVDevice.bundle"; path = "CDVDevice.bundle"; sourceTree = "<group>"; fileEncoding = undefined; lastKnownFileType = wrapper.plug-in; explicitFileType = undefined; includeInIndex = 0; };
		75B7BCD676784F92BF248212 /* InAppPurchase.m */ = {isa = PBXFileReference; name = "InAppPurchase.m"; path = "cordova-plugin-purchase/InAppPurchase.m"; sourceTree = "<group>"; fileEncoding = 4; lastKnownFileType = sourcecode.c.objc; explicitFileType = undefined; includeInIndex = 0; };
		3FD5851E7E15430789E9E1F6 /* SKProduct+LocalizedPrice.m */ = {isa = PBXFileReference; name = "SKProduct+LocalizedPrice.m"; path = "cordova-plugin-purchase/SKProduct+LocalizedPrice.m"; sourceTree = "<group>"; fileEncoding = 4; lastKnownFileType = sourcecode.c.objc; explicitFileType = undefined; includeInIndex = 0; };
		3F4D3EDE43BB4F8A981B225D /* SKProductDiscount+LocalizedPrice.m */ = {isa = PBXFileReference; name = "SKProductDiscount+LocalizedPrice.m"; path = "cordova-plugin-purchase/SKProductDiscount+LocalizedPrice.m"; sourceTree = "<group>"; fileEncoding = 4; lastKnownFileType = sourcecode.c.objc; explicitFileType = undefined; includeInIndex = 0; };
		FF898388BAAD467095D281B2 /* FileUtility.m */ = {isa = PBXFileReference; name = "FileUtility.m"; path = "cordova-plugin-purchase/FileUtility.m"; sourceTree = "<group>"; fileEncoding = 4; lastKnownFileType = sourcecode.c.objc; explicitFileType = undefined; includeInIndex = 0; };
		C2AF8D3F09CA49E9B0DABC35 /* InAppPurchase.h */ = {isa = PBXFileReference; name = "InAppPurchase.h"; path = "cordova-plugin-purchase/InAppPurchase.h"; sourceTree = "<group>"; fileEncoding = 4; lastKnownFileType = sourcecode.c.h; explicitFileType = undefined; includeInIndex = 0; };
		BC3A68FFD1D24F22873E15FF /* SKProduct+LocalizedPrice.h */ = {isa = PBXFileReference; name = "SKProduct+LocalizedPrice.h"; path = "cordova-plugin-purchase/SKProduct+LocalizedPrice.h"; sourceTree = "<group>"; fileEncoding = 4; lastKnownFileType = sourcecode.c.h; explicitFileType = undefined; includeInIndex = 0; };
		9BC4D567B3B341C8B410F6A3 /* SKProductDiscount+LocalizedPrice.h */ = {isa = PBXFileReference; name = "SKProductDiscount+LocalizedPrice.h"; path = "cordova-plugin-purchase/SKProductDiscount+LocalizedPrice.h"; sourceTree = "<group>"; fileEncoding = 4; lastKnownFileType = sourcecode.c.h; explicitFileType = undefined; includeInIndex = 0; };
		F8511DF8A48C423F97C8B843 /* FileUtility.h */ = {isa = PBXFileReference; name = "FileUtility.h"; path = "cordova-plugin-purchase/FileUtility.h"; sourceTree = "<group>"; fileEncoding = 4; lastKnownFileType = sourcecode.c.h; explicitFileType = undefined; includeInIndex = 0; };
		E38DCBFFBF81405A84BE5E2B /* CDVInAppBrowserOptions.m */ = {isa = PBXFileReference; name = "CDVInAppBrowserOptions.m"; path = "cordova-plugin-inappbrowser/CDVInAppBrowserOptions.m"; sourceTree = "<group>"; fileEncoding = 4; lastKnownFileType = sourcecode.c.objc; explicitFileType = undefined; includeInIndex = 0; };
		086BB0BC1D554515B2AFE2B4 /* CDVInAppBrowserNavigationController.m */ = {isa = PBXFileReference; name = "CDVInAppBrowserNavigationController.m"; path = "cordova-plugin-inappbrowser/CDVInAppBrowserNavigationController.m"; sourceTree = "<group>"; fileEncoding = 4; lastKnownFileType = sourcecode.c.objc; explicitFileType = undefined; includeInIndex = 0; };
		90EFD954D73E45CC84AAECDE /* CDVWKInAppBrowser.m */ = {isa = PBXFileReference; name = "CDVWKInAppBrowser.m"; path = "cordova-plugin-inappbrowser/CDVWKInAppBrowser.m"; sourceTree = "<group>"; fileEncoding = 4; lastKnownFileType = sourcecode.c.objc; explicitFileType = undefined; includeInIndex = 0; };
		D8982C4B32F44CE6A799BDAF /* CDVWKInAppBrowserUIDelegate.m */ = {isa = PBXFileReference; name = "CDVWKInAppBrowserUIDelegate.m"; path = "cordova-plugin-inappbrowser/CDVWKInAppBrowserUIDelegate.m"; sourceTree = "<group>"; fileEncoding = 4; lastKnownFileType = sourcecode.c.objc; explicitFileType = undefined; includeInIndex = 0; };
		E2F2639ACAE54D55BA510905 /* CDVInAppBrowserOptions.h */ = {isa = PBXFileReference; name = "CDVInAppBrowserOptions.h"; path = "cordova-plugin-inappbrowser/CDVInAppBrowserOptions.h"; sourceTree = "<group>"; fileEncoding = 4; lastKnownFileType = sourcecode.c.h; explicitFileType = undefined; includeInIndex = 0; };
		3E76C663F7DF4F72837FF225 /* CDVInAppBrowserNavigationController.h */ = {isa = PBXFileReference; name = "CDVInAppBrowserNavigationController.h"; path = "cordova-plugin-inappbrowser/CDVInAppBrowserNavigationController.h"; sourceTree = "<group>"; fileEncoding = 4; lastKnownFileType = sourcecode.c.h; explicitFileType = undefined; includeInIndex = 0; };
		00371F18E550471388A3097A /* CDVWKInAppBrowser.h */ = {isa = PBXFileReference; name = "CDVWKInAppBrowser.h"; path = "cordova-plugin-inappbrowser/CDVWKInAppBrowser.h"; sourceTree = "<group>"; fileEncoding = 4; lastKnownFileType = sourcecode.c.h; explicitFileType = undefined; includeInIndex = 0; };
		629A3A38EA314AC093DCBB7E /* CDVWKInAppBrowserUIDelegate.h */ = {isa = PBXFileReference; name = "CDVWKInAppBrowserUIDelegate.h"; path = "cordova-plugin-inappbrowser/CDVWKInAppBrowserUIDelegate.h"; sourceTree = "<group>"; fileEncoding = 4; lastKnownFileType = sourcecode.c.h; explicitFileType = undefined; includeInIndex = 0; };
		DD215282F75B4CF4A90219C4 /* CDVNotification.m */ = {isa = PBXFileReference; name = "CDVNotification.m"; path = "cordova-plugin-dialogs/CDVNotification.m"; sourceTree = "<group>"; fileEncoding = 4; lastKnownFileType = sourcecode.c.objc; explicitFileType = undefined; includeInIndex = 0; };
		34461A27C10E45329098612E /* CDVNotification.h */ = {isa = PBXFileReference; name = "CDVNotification.h"; path = "cordova-plugin-dialogs/CDVNotification.h"; sourceTree = "<group>"; fileEncoding = 4; lastKnownFileType = sourcecode.c.h; explicitFileType = undefined; includeInIndex = 0; };
		16BCE46A49AB474988FAA1ED /* CDVNotification.bundle */ = {isa = PBXFileReference; name = "CDVNotification.bundle"; path = "CDVNotification.bundle"; sourceTree = "<group>"; fileEncoding = undefined; lastKnownFileType = wrapper.plug-in; explicitFileType = undefined; includeInIndex = 0; };
		AF0929A927BF4623B791CC49 /* AudioToolbox.framework */ = {isa = PBXFileReference; name = "AudioToolbox.framework"; path = "System/Library/Frameworks/AudioToolbox.framework"; sourceTree = SDKROOT; fileEncoding = undefined; lastKnownFileType = wrapper.framework; explicitFileType = undefined; includeInIndex = 0; };
		9CE82E6ACAE940B197457418 /* NativeStorage.m */ = {isa = PBXFileReference; name = "NativeStorage.m"; path = "cordova-plugin-nativestorage/NativeStorage.m"; sourceTree = "<group>"; fileEncoding = 4; lastKnownFileType = sourcecode.c.objc; explicitFileType = undefined; includeInIndex = 0; };
		B6AC2EED6984476EA70F7725 /* NativeStorage.h */ = {isa = PBXFileReference; name = "NativeStorage.h"; path = "cordova-plugin-nativestorage/NativeStorage.h"; sourceTree = "<group>"; fileEncoding = 4; lastKnownFileType = sourcecode.c.h; explicitFileType = undefined; includeInIndex = 0; };
		15EDB64B1A754964A0A87DDF /* CDVAppRate.m */ = {isa = PBXFileReference; name = "CDVAppRate.m"; path = "cordova-plugin-apprate/CDVAppRate.m"; sourceTree = "<group>"; fileEncoding = 4; lastKnownFileType = sourcecode.c.objc; explicitFileType = undefined; includeInIndex = 0; };
		AAC40DFC78D749BC948C3BE5 /* CDVAppRate.h */ = {isa = PBXFileReference; name = "CDVAppRate.h"; path = "cordova-plugin-apprate/CDVAppRate.h"; sourceTree = "<group>"; fileEncoding = 4; lastKnownFileType = sourcecode.c.h; explicitFileType = undefined; includeInIndex = 0; };
		CBCB10325EE8427A8217129C /* IdfaPlugin.m */ = {isa = PBXFileReference; name = "IdfaPlugin.m"; path = "cordova-plugin-idfa/IdfaPlugin.m"; sourceTree = "<group>"; fileEncoding = 4; lastKnownFileType = sourcecode.c.objc; explicitFileType = undefined; includeInIndex = 0; };
		23B42A0D8C6D481A994B6632 /* IdfaPlugin.h */ = {isa = PBXFileReference; name = "IdfaPlugin.h"; path = "cordova-plugin-idfa/IdfaPlugin.h"; sourceTree = "<group>"; fileEncoding = 4; lastKnownFileType = sourcecode.c.h; explicitFileType = undefined; includeInIndex = 0; };
		FCF5D5C8412F42C0BDEBEFCD /* AdSupport.framework */ = {isa = PBXFileReference; name = "AdSupport.framework"; path = "System/Library/Frameworks/AdSupport.framework"; sourceTree = SDKROOT; fileEncoding = undefined; lastKnownFileType = wrapper.framework; explicitFileType = undefined; includeInIndex = 0; };
		FD2850E4067D4FF3BC11C98C /* AMBAdBase.swift */ = {isa = PBXFileReference; name = "AMBAdBase.swift"; path = "admob-plus-cordova/AMBAdBase.swift"; sourceTree = "<group>"; fileEncoding = 4; lastKnownFileType = sourcecode.swift; explicitFileType = undefined; includeInIndex = 0; };
		50ACB89B8A5E494DA21B94D3 /* AMBAppOpenAd.swift */ = {isa = PBXFileReference; name = "AMBAppOpenAd.swift"; path = "admob-plus-cordova/AMBAppOpenAd.swift"; sourceTree = "<group>"; fileEncoding = 4; lastKnownFileType = sourcecode.swift; explicitFileType = undefined; includeInIndex = 0; };
		EB022569E7834FA5B9638F5D /* AMBBanner.swift */ = {isa = PBXFileReference; name = "AMBBanner.swift"; path = "admob-plus-cordova/AMBBanner.swift"; sourceTree = "<group>"; fileEncoding = 4; lastKnownFileType = sourcecode.swift; explicitFileType = undefined; includeInIndex = 0; };
		21DC449F6D63480AACE046D4 /* AMBContext.swift */ = {isa = PBXFileReference; name = "AMBContext.swift"; path = "admob-plus-cordova/AMBContext.swift"; sourceTree = "<group>"; fileEncoding = 4; lastKnownFileType = sourcecode.swift; explicitFileType = undefined; includeInIndex = 0; };
		886D57522E514EC5A75B5105 /* AMBCore.swift */ = {isa = PBXFileReference; name = "AMBCore.swift"; path = "admob-plus-cordova/AMBCore.swift"; sourceTree = "<group>"; fileEncoding = 4; lastKnownFileType = sourcecode.swift; explicitFileType = undefined; includeInIndex = 0; };
		8A570E86D7404076B65A4E89 /* AMBGenerated.swift */ = {isa = PBXFileReference; name = "AMBGenerated.swift"; path = "admob-plus-cordova/AMBGenerated.swift"; sourceTree = "<group>"; fileEncoding = 4; lastKnownFileType = sourcecode.swift; explicitFileType = undefined; includeInIndex = 0; };
		F64047CD6B3646ED9E777921 /* AMBInterstitial.swift */ = {isa = PBXFileReference; name = "AMBInterstitial.swift"; path = "admob-plus-cordova/AMBInterstitial.swift"; sourceTree = "<group>"; fileEncoding = 4; lastKnownFileType = sourcecode.swift; explicitFileType = undefined; includeInIndex = 0; };
		6A47177BF2944751B66F6509 /* AMBNativeAd.swift */ = {isa = PBXFileReference; name = "AMBNativeAd.swift"; path = "admob-plus-cordova/AMBNativeAd.swift"; sourceTree = "<group>"; fileEncoding = 4; lastKnownFileType = sourcecode.swift; explicitFileType = undefined; includeInIndex = 0; };
		4ACA80695CC64A96ABA327F1 /* AMBPlugin.swift */ = {isa = PBXFileReference; name = "AMBPlugin.swift"; path = "admob-plus-cordova/AMBPlugin.swift"; sourceTree = "<group>"; fileEncoding = 4; lastKnownFileType = sourcecode.swift; explicitFileType = undefined; includeInIndex = 0; };
		E966AE4D29AB43758D45746E /* AMBRewarded.swift */ = {isa = PBXFileReference; name = "AMBRewarded.swift"; path = "admob-plus-cordova/AMBRewarded.swift"; sourceTree = "<group>"; fileEncoding = 4; lastKnownFileType = sourcecode.swift; explicitFileType = undefined; includeInIndex = 0; };
		3A5498C0F82F43AC89DC7B8C /* AMBRewardedInterstitial.swift */ = {isa = PBXFileReference; name = "AMBRewardedInterstitial.swift"; path = "admob-plus-cordova/AMBRewardedInterstitial.swift"; sourceTree = "<group>"; fileEncoding = 4; lastKnownFileType = sourcecode.swift; explicitFileType = undefined; includeInIndex = 0; };
/* End PBXFileReference section */

/* Begin PBXFrameworksBuildPhase section */
		1D60588F0D05DD3D006BFB54 /* Frameworks */ = {
			isa = PBXFrameworksBuildPhase;
			buildActionMask = 2147483647;
			files = (
				301BF552109A68D80062928A /* libCordova.a in Frameworks */,
				B53AE1B5374A409C954B4FF6 /* AppTrackingTransparency.framework in Frameworks */,
				5BDE9A1C944DEFBA33E40AE3 /* Pods_Seattle_Metro_Bus_Tracker.framework in Frameworks */,
				9C49E0B3A56149B79F0405D5 /* StoreKit.framework in Frameworks */,
				CFAC7E41003E413B8AC23505 /* WebKit.framework in Frameworks */,
				9A2034702CD24491ACCD6D73 /* CoreLocation.framework in Frameworks */,
				BDDFF9DEA81241A7820F0960 /* AudioToolbox.framework in Frameworks */,
				3652EAFBD51F4A7FB00E7FB8 /* AdSupport.framework in Frameworks */,
			);
			runOnlyForDeploymentPostprocessing = 0;
		};
/* End PBXFrameworksBuildPhase section */

/* Begin PBXGroup section */
		080E96DDFE201D6D7F000001 /* Classes */ = {
			isa = PBXGroup;
			children = (
				302D95EE14D2391D003F00A1 /* MainViewController.h */,
				302D95EF14D2391D003F00A1 /* MainViewController.m */,
				302D95F014D2391D003F00A1 /* MainViewController.xib */,
				1D3623240D0F684500981E51 /* AppDelegate.h */,
				1D3623250D0F684500981E51 /* AppDelegate.m */,
			);
			name = Classes;
			path = "Seattle Metro Bus Tracker/Classes";
			sourceTree = SOURCE_ROOT;
		};
		19C28FACFE9D520D11CA2CBB /* Products */ = {
			isa = PBXGroup;
			children = (
				1D6058910D05DD3D006BFB54 /* Seattle Metro Bus Tracker.app */,
			);
			name = Products;
			sourceTree = "<group>";
		};
		29B97314FDCFA39411CA2CEA = {
			isa = PBXGroup;
			children = (
				EB87FDF41871DAF40020F90C /* config.xml */,
				EB87FDF31871DA8E0020F90C /* www */,
				EB87FDF11871DA420020F90C /* Staging */,
				301BF52D109A57CC0062928A /* CordovaLib.xcodeproj */,
				080E96DDFE201D6D7F000001 /* Classes */,
				307C750510C5A3420062BCA9 /* Plugins */,
				29B97315FDCFA39411CA2CEA /* Other Sources */,
				29B97317FDCFA39411CA2CEA /* Resources */,
				29B97323FDCFA39411CA2CEA /* Frameworks */,
				19C28FACFE9D520D11CA2CBB /* Products */,
				FDA15B22CEC9F0C2D0C774A9 /* Pods */,
			);
			name = CustomTemplate;
			sourceTree = "<group>";
		};
		29B97315FDCFA39411CA2CEA /* Other Sources */ = {
			isa = PBXGroup;
			children = (
				32CA4F630368D1EE00C91783 /* Seattle Metro Bus Tracker-Prefix.pch */,
				29B97316FDCFA39411CA2CEA /* main.m */,
				ED33DF2A687741AEAF9F8254 /* Bridging-Header.h */,
			);
			name = "Other Sources";
			path = "Seattle Metro Bus Tracker";
			sourceTree = "<group>";
		};
		29B97317FDCFA39411CA2CEA /* Resources */ = {
			isa = PBXGroup;
			children = (
				0207DA571B56EA530066E2B4 /* Images.xcassets */,
				3047A50E1AB8057F00498E2A /* config */,
				8D1107310486CEB800E47090 /* Seattle Metro Bus Tracker-Info.plist */,
				6AFF5BF81D6E424B00AB3073 /* CDVLaunchScreen.storyboard */,
				FF3FEE0C6B3B47ED82EEBA0D /* CDVDevice.bundle */,
				16BCE46A49AB474988FAA1ED /* CDVNotification.bundle */,
			);
			name = Resources;
			path = "Seattle Metro Bus Tracker/Resources";
			sourceTree = "<group>";
		};
		29B97323FDCFA39411CA2CEA /* Frameworks */ = {
			isa = PBXGroup;
			children = (
				82B191086696434FB2F06303 /* AppTrackingTransparency.framework */,
				BD85FF5004FA503559AD39A5 /* Pods_Seattle_Metro_Bus_Tracker.framework */,
				2ED99AEE957646CFAB92513D /* StoreKit.framework */,
				A0318FAE7F3A40F288F94489 /* WebKit.framework */,
				610D6F684C254F8296B9FDF3 /* CoreLocation.framework */,
				AF0929A927BF4623B791CC49 /* AudioToolbox.framework */,
				FCF5D5C8412F42C0BDEBEFCD /* AdSupport.framework */,
			);
			name = Frameworks;
			sourceTree = "<group>";
		};
		301BF52E109A57CC0062928A /* Products */ = {
			isa = PBXGroup;
			children = (
				301BF535109A57CC0062928A /* libCordova.a */,
				907D8124214C687600058A10 /* Cordova.framework */,
			);
			name = Products;
			sourceTree = "<group>";
		};
		3047A50E1AB8057F00498E2A /* config */ = {
			isa = PBXGroup;
			children = (
				3047A50F1AB8059700498E2A /* build-debug.xcconfig */,
				3047A5101AB8059700498E2A /* build-release.xcconfig */,
				3047A5111AB8059700498E2A /* build.xcconfig */,
			);
			name = config;
			sourceTree = "<group>";
		};
		307C750510C5A3420062BCA9 /* Plugins */ = {
			isa = PBXGroup;
			children = (
				4DE79CD915FB4AA7A52748C8 /* CDVWKWebViewFileXhr.m */,
				DAE9528043E149E5BBDF2836 /* CDVWKWebViewFileXhr.h */,
				8C975F2600604B87A268E215 /* CDVLocation.m */,
				A966B5A4048146CDBC753818 /* CDVLocation.h */,
				8C39D41A77D14FE8BB17D9D7 /* CDVDevice.m */,
				9E537C82403A40AE944A6B03 /* CDVDevice.h */,
				75B7BCD676784F92BF248212 /* InAppPurchase.m */,
				3FD5851E7E15430789E9E1F6 /* SKProduct+LocalizedPrice.m */,
				3F4D3EDE43BB4F8A981B225D /* SKProductDiscount+LocalizedPrice.m */,
				FF898388BAAD467095D281B2 /* FileUtility.m */,
				C2AF8D3F09CA49E9B0DABC35 /* InAppPurchase.h */,
				BC3A68FFD1D24F22873E15FF /* SKProduct+LocalizedPrice.h */,
				9BC4D567B3B341C8B410F6A3 /* SKProductDiscount+LocalizedPrice.h */,
				F8511DF8A48C423F97C8B843 /* FileUtility.h */,
				E38DCBFFBF81405A84BE5E2B /* CDVInAppBrowserOptions.m */,
				086BB0BC1D554515B2AFE2B4 /* CDVInAppBrowserNavigationController.m */,
				90EFD954D73E45CC84AAECDE /* CDVWKInAppBrowser.m */,
				D8982C4B32F44CE6A799BDAF /* CDVWKInAppBrowserUIDelegate.m */,
				E2F2639ACAE54D55BA510905 /* CDVInAppBrowserOptions.h */,
				3E76C663F7DF4F72837FF225 /* CDVInAppBrowserNavigationController.h */,
				00371F18E550471388A3097A /* CDVWKInAppBrowser.h */,
				629A3A38EA314AC093DCBB7E /* CDVWKInAppBrowserUIDelegate.h */,
				DD215282F75B4CF4A90219C4 /* CDVNotification.m */,
				34461A27C10E45329098612E /* CDVNotification.h */,
				9CE82E6ACAE940B197457418 /* NativeStorage.m */,
				B6AC2EED6984476EA70F7725 /* NativeStorage.h */,
				15EDB64B1A754964A0A87DDF /* CDVAppRate.m */,
				AAC40DFC78D749BC948C3BE5 /* CDVAppRate.h */,
				CBCB10325EE8427A8217129C /* IdfaPlugin.m */,
				23B42A0D8C6D481A994B6632 /* IdfaPlugin.h */,
				FD2850E4067D4FF3BC11C98C /* AMBAdBase.swift */,
				50ACB89B8A5E494DA21B94D3 /* AMBAppOpenAd.swift */,
				EB022569E7834FA5B9638F5D /* AMBBanner.swift */,
				21DC449F6D63480AACE046D4 /* AMBContext.swift */,
				886D57522E514EC5A75B5105 /* AMBCore.swift */,
				8A570E86D7404076B65A4E89 /* AMBGenerated.swift */,
				F64047CD6B3646ED9E777921 /* AMBInterstitial.swift */,
				6A47177BF2944751B66F6509 /* AMBNativeAd.swift */,
				4ACA80695CC64A96ABA327F1 /* AMBPlugin.swift */,
				E966AE4D29AB43758D45746E /* AMBRewarded.swift */,
				3A5498C0F82F43AC89DC7B8C /* AMBRewardedInterstitial.swift */,
			);
			name = Plugins;
			path = "Seattle Metro Bus Tracker/Plugins";
			sourceTree = SOURCE_ROOT;
		};
		EB87FDF11871DA420020F90C /* Staging */ = {
			isa = PBXGroup;
			children = (
				F840E1F0165FE0F500CFE078 /* config.xml */,
				301BF56E109A69640062928A /* www */,
			);
			name = Staging;
			sourceTree = "<group>";
		};
		FDA15B22CEC9F0C2D0C774A9 /* Pods */ = {
			isa = PBXGroup;
			children = (
				03A3B4C29F8FDC8DDB0F84F2 /* Pods-Seattle Metro Bus Tracker.debug.xcconfig */,
				0724E59260A00F34B9FB54DA /* Pods-Seattle Metro Bus Tracker.release.xcconfig */,
			);
			name = Pods;
			path = Pods;
			sourceTree = "<group>";
		};
/* End PBXGroup section */

/* Begin PBXNativeTarget section */
		1D6058900D05DD3D006BFB54 /* Seattle Metro Bus Tracker */ = {
			isa = PBXNativeTarget;
			buildConfigurationList = 1D6058960D05DD3E006BFB54 /* Build configuration list for PBXNativeTarget "Seattle Metro Bus Tracker" */;
			buildPhases = (
				6D442EB95EED1211CFA5789C /* [CP] Check Pods Manifest.lock */,
				304B58A110DAC018002A0835 /* Copy www directory */,
				1D60588D0D05DD3D006BFB54 /* Resources */,
				1D60588E0D05DD3D006BFB54 /* Sources */,
				1D60588F0D05DD3D006BFB54 /* Frameworks */,
				0985E1AAB97889444806FC0F /* [CP] Embed Pods Frameworks */,
			);
			buildRules = (
			);
			dependencies = (
				301BF551109A68C00062928A /* PBXTargetDependency */,
			);
			name = "Seattle Metro Bus Tracker";
			productName = "Seattle Metro Bus Tracker";
			productReference = 1D6058910D05DD3D006BFB54 /* Seattle Metro Bus Tracker.app */;
			productType = "com.apple.product-type.application";
		};
/* End PBXNativeTarget section */

/* Begin PBXProject section */
		29B97313FDCFA39411CA2CEA /* Project object */ = {
			isa = PBXProject;
			attributes = {
				LastUpgradeCheck = 1130;
				TargetAttributes = {
					1D6058900D05DD3D006BFB54 = {
						ProvisioningStyle = Automatic;
					};
				};
			};
			buildConfigurationList = C01FCF4E08A954540054247B /* Build configuration list for PBXProject "Seattle Metro Bus Tracker" */;
			compatibilityVersion = "Xcode 11.0";
			developmentRegion = en;
			hasScannedForEncodings = 1;
			knownRegions = (
				en,
				Base,
			);
			mainGroup = 29B97314FDCFA39411CA2CEA;
			productRefGroup = 19C28FACFE9D520D11CA2CBB /* Products */;
			projectDirPath = "";
			projectReferences = (
				{
					ProductGroup = 301BF52E109A57CC0062928A /* Products */;
					ProjectRef = 301BF52D109A57CC0062928A /* CordovaLib.xcodeproj */;
				},
			);
			projectRoot = "";
			targets = (
				1D6058900D05DD3D006BFB54 /* Seattle Metro Bus Tracker */,
			);
		};
/* End PBXProject section */

/* Begin PBXReferenceProxy section */
		301BF535109A57CC0062928A /* libCordova.a */ = {
			isa = PBXReferenceProxy;
			fileType = archive.ar;
			path = libCordova.a;
			remoteRef = 301BF534109A57CC0062928A /* PBXContainerItemProxy */;
			sourceTree = BUILT_PRODUCTS_DIR;
		};
		907D8124214C687600058A10 /* Cordova.framework */ = {
			isa = PBXReferenceProxy;
			fileType = wrapper.framework;
			path = Cordova.framework;
			remoteRef = 907D8123214C687600058A10 /* PBXContainerItemProxy */;
			sourceTree = BUILT_PRODUCTS_DIR;
		};
/* End PBXReferenceProxy section */

/* Begin PBXResourcesBuildPhase section */
		1D60588D0D05DD3D006BFB54 /* Resources */ = {
			isa = PBXResourcesBuildPhase;
			buildActionMask = 2147483647;
			files = (
				302D95F214D2391D003F00A1 /* MainViewController.xib in Resources */,
				0207DA581B56EA530066E2B4 /* Images.xcassets in Resources */,
				6AFF5BF91D6E424B00AB3073 /* CDVLaunchScreen.storyboard in Resources */,
				0507D46356224C20AE9DFCB0 /* CDVDevice.bundle in Resources */,
				F8546B14E5B14D62868D207C /* CDVNotification.bundle in Resources */,
			);
			runOnlyForDeploymentPostprocessing = 0;
		};
/* End PBXResourcesBuildPhase section */

/* Begin PBXShellScriptBuildPhase section */
		0985E1AAB97889444806FC0F /* [CP] Embed Pods Frameworks */ = {
			isa = PBXShellScriptBuildPhase;
			buildActionMask = 2147483647;
			files = (
			);
			inputFileListPaths = (
				"${PODS_ROOT}/Target Support Files/Pods-Seattle Metro Bus Tracker/Pods-Seattle Metro Bus Tracker-frameworks-${CONFIGURATION}-input-files.xcfilelist",
			);
			name = "[CP] Embed Pods Frameworks";
			outputFileListPaths = (
				"${PODS_ROOT}/Target Support Files/Pods-Seattle Metro Bus Tracker/Pods-Seattle Metro Bus Tracker-frameworks-${CONFIGURATION}-output-files.xcfilelist",
			);
			runOnlyForDeploymentPostprocessing = 0;
			shellPath = /bin/sh;
			shellScript = "\"${PODS_ROOT}/Target Support Files/Pods-Seattle Metro Bus Tracker/Pods-Seattle Metro Bus Tracker-frameworks.sh\"\n";
			showEnvVarsInLog = 0;
		};
		304B58A110DAC018002A0835 /* Copy www directory */ = {
			isa = PBXShellScriptBuildPhase;
			buildActionMask = 2147483647;
			files = (
			);
			inputPaths = (
			);
			name = "Copy www directory";
			outputPaths = (
			);
			runOnlyForDeploymentPostprocessing = 0;
			shellPath = /bin/sh;
			shellScript = "\"$SRCROOT/Seattle Metro Bus Tracker/Scripts/copy-www-build-step.sh\"";
			showEnvVarsInLog = 0;
		};
		6D442EB95EED1211CFA5789C /* [CP] Check Pods Manifest.lock */ = {
			isa = PBXShellScriptBuildPhase;
			buildActionMask = 2147483647;
			files = (
			);
			inputFileListPaths = (
			);
			inputPaths = (
				"${PODS_PODFILE_DIR_PATH}/Podfile.lock",
				"${PODS_ROOT}/Manifest.lock",
			);
			name = "[CP] Check Pods Manifest.lock";
			outputFileListPaths = (
			);
			outputPaths = (
				"$(DERIVED_FILE_DIR)/Pods-Seattle Metro Bus Tracker-checkManifestLockResult.txt",
			);
			runOnlyForDeploymentPostprocessing = 0;
			shellPath = /bin/sh;
			shellScript = "diff \"${PODS_PODFILE_DIR_PATH}/Podfile.lock\" \"${PODS_ROOT}/Manifest.lock\" > /dev/null\nif [ $? != 0 ] ; then\n    # print error to STDERR\n    echo \"error: The sandbox is not in sync with the Podfile.lock. Run 'pod install' or update your CocoaPods installation.\" >&2\n    exit 1\nfi\n# This output is used by Xcode 'outputs' to avoid re-running this script phase.\necho \"SUCCESS\" > \"${SCRIPT_OUTPUT_FILE_0}\"\n";
			showEnvVarsInLog = 0;
		};
/* End PBXShellScriptBuildPhase section */

/* Begin PBXSourcesBuildPhase section */
		1D60588E0D05DD3D006BFB54 /* Sources */ = {
			isa = PBXSourcesBuildPhase;
			buildActionMask = 2147483647;
			files = (
				1D60589B0D05DD56006BFB54 /* main.m in Sources */,
				1D3623260D0F684500981E51 /* AppDelegate.m in Sources */,
				302D95F114D2391D003F00A1 /* MainViewController.m in Sources */,
				842541F559F44D2AA3E98161 /* CDVWKWebViewFileXhr.m in Sources */,
				666685064284413AA1646258 /* CDVLocation.m in Sources */,
				9CD2F6BEA6BE431780447352 /* CDVDevice.m in Sources */,
				F8CC6F7D8311418C9147F876 /* InAppPurchase.m in Sources */,
				2BF42D6A08664F5EBA70A488 /* SKProduct+LocalizedPrice.m in Sources */,
				46E6DD31DF8241D8A7FF2E1F /* SKProductDiscount+LocalizedPrice.m in Sources */,
				075447D703FF413FA7D48926 /* FileUtility.m in Sources */,
				0B3D1FB2F31F42A0AA966A5D /* CDVInAppBrowserOptions.m in Sources */,
				090B9E795379494B86ACB0C7 /* CDVInAppBrowserNavigationController.m in Sources */,
				E01F5ED31FC940939C1C3411 /* CDVWKInAppBrowser.m in Sources */,
				C04085D9476B497D8249EFEA /* CDVWKInAppBrowserUIDelegate.m in Sources */,
				E2C45D75817B4AA8B9CD8061 /* CDVNotification.m in Sources */,
				E2DC25C402D14BE4B59A48E3 /* NativeStorage.m in Sources */,
				6942C6DA331A4A8490B1492A /* CDVAppRate.m in Sources */,
				3585DF8EA22D442197EF6C66 /* IdfaPlugin.m in Sources */,
				352A20B7159B4444B73FC351 /* AMBAdBase.swift in Sources */,
				7F7A149E89644818AA000E2B /* AMBAppOpenAd.swift in Sources */,
				C69E4535B59946BD97A90E6C /* AMBBanner.swift in Sources */,
				7DEB728B8C394A25A8CE56A9 /* AMBContext.swift in Sources */,
				B6DD3EF15AEF435D92CC1956 /* AMBCore.swift in Sources */,
				71C27377DA454F09821519B7 /* AMBGenerated.swift in Sources */,
				2E6052CCA0594FD6B7A378EC /* AMBInterstitial.swift in Sources */,
				996C30383FCE49FA88BCF6C3 /* AMBNativeAd.swift in Sources */,
				B2A0B8BDCB9A4F178EAE4438 /* AMBPlugin.swift in Sources */,
				5C294437DF914556BEA74FAE /* AMBRewarded.swift in Sources */,
				B12E824D28FA40E18C91DF6C /* AMBRewardedInterstitial.swift in Sources */,
			);
			runOnlyForDeploymentPostprocessing = 0;
		};
/* End PBXSourcesBuildPhase section */

/* Begin PBXTargetDependency section */
		301BF551109A68C00062928A /* PBXTargetDependency */ = {
			isa = PBXTargetDependency;
			name = CordovaLib;
			targetProxy = 301BF550109A68C00062928A /* PBXContainerItemProxy */;
		};
/* End PBXTargetDependency section */

/* Begin XCBuildConfiguration section */
		1D6058940D05DD3E006BFB54 /* Debug */ = {
			isa = XCBuildConfiguration;
			baseConfigurationReference = 3047A50F1AB8059700498E2A /* build-debug.xcconfig */;
			buildSettings = {
				ALWAYS_SEARCH_USER_PATHS = NO;
				ASSETCATALOG_COMPILER_APPICON_NAME = AppIcon;
				CLANG_ENABLE_MODULES = YES;
				CLANG_ENABLE_OBJC_ARC = YES;
				COPY_PHASE_STRIP = NO;
				GCC_DYNAMIC_NO_PIC = NO;
				GCC_OPTIMIZATION_LEVEL = 0;
				GCC_PRECOMPILE_PREFIX_HEADER = YES;
				GCC_PREFIX_HEADER = "Seattle Metro Bus Tracker/Seattle Metro Bus Tracker-Prefix.pch";
				GCC_THUMB_SUPPORT = NO;
				GCC_VERSION = "";
				INFOPLIST_FILE = "Seattle Metro Bus Tracker/Seattle Metro Bus Tracker-Info.plist";
				IPHONEOS_DEPLOYMENT_TARGET = 11.0;
				LD_RUNPATH_SEARCH_PATHS = "@executable_path/Frameworks";
				PRODUCT_BUNDLE_IDENTIFIER = com.seattle.free;
				PRODUCT_NAME = "$(TARGET_NAME)";
				SWIFT_VERSION = 5.3;
				TARGETED_DEVICE_FAMILY = "1,2";
				VALIDATE_WORKSPACE = NO;
			};
			name = Debug;
		};
		1D6058950D05DD3E006BFB54 /* Release */ = {
			isa = XCBuildConfiguration;
			baseConfigurationReference = 3047A5101AB8059700498E2A /* build-release.xcconfig */;
			buildSettings = {
				ALWAYS_SEARCH_USER_PATHS = NO;
				ASSETCATALOG_COMPILER_APPICON_NAME = AppIcon;
				CLANG_ENABLE_MODULES = YES;
				CLANG_ENABLE_OBJC_ARC = YES;
				COPY_PHASE_STRIP = YES;
				GCC_PRECOMPILE_PREFIX_HEADER = YES;
				GCC_PREFIX_HEADER = "Seattle Metro Bus Tracker/Seattle Metro Bus Tracker-Prefix.pch";
				GCC_THUMB_SUPPORT = NO;
				GCC_VERSION = "";
				INFOPLIST_FILE = "Seattle Metro Bus Tracker/Seattle Metro Bus Tracker-Info.plist";
				IPHONEOS_DEPLOYMENT_TARGET = 11.0;
				LD_RUNPATH_SEARCH_PATHS = "@executable_path/Frameworks";
				PRODUCT_BUNDLE_IDENTIFIER = com.seattle.free;
				PRODUCT_NAME = "$(TARGET_NAME)";
				SWIFT_VERSION = 5.3;
				TARGETED_DEVICE_FAMILY = "1,2";
				VALIDATE_WORKSPACE = NO;
			};
			name = Release;
		};
		C01FCF4F08A954540054247B /* Debug */ = {
			isa = XCBuildConfiguration;
			baseConfigurationReference = 3047A5111AB8059700498E2A /* build.xcconfig */;
			buildSettings = {
				CLANG_ANALYZER_LOCALIZABILITY_NONLOCALIZED = YES;
				CLANG_ENABLE_MODULES = YES;
				CLANG_ENABLE_OBJC_ARC = YES;
				CLANG_WARN_BLOCK_CAPTURE_AUTORELEASING = YES;
				CLANG_WARN_BOOL_CONVERSION = YES;
				CLANG_WARN_COMMA = YES;
				CLANG_WARN_CONSTANT_CONVERSION = YES;
				CLANG_WARN_DEPRECATED_OBJC_IMPLEMENTATIONS = YES;
				CLANG_WARN_EMPTY_BODY = YES;
				CLANG_WARN_ENUM_CONVERSION = YES;
				CLANG_WARN_INFINITE_RECURSION = YES;
				CLANG_WARN_INT_CONVERSION = YES;
				CLANG_WARN_NON_LITERAL_NULL_CONVERSION = YES;
				CLANG_WARN_OBJC_IMPLICIT_RETAIN_SELF = YES;
				CLANG_WARN_OBJC_LITERAL_CONVERSION = YES;
				CLANG_WARN_RANGE_LOOP_ANALYSIS = YES;
				CLANG_WARN_STRICT_PROTOTYPES = YES;
				CLANG_WARN_SUSPICIOUS_MOVE = YES;
				CLANG_WARN_UNREACHABLE_CODE = YES;
				CLANG_WARN__DUPLICATE_METHOD_MATCH = YES;
				ENABLE_STRICT_OBJC_MSGSEND = YES;
				ENABLE_TESTABILITY = YES;
				GCC_C_LANGUAGE_STANDARD = c99;
				GCC_NO_COMMON_BLOCKS = YES;
				GCC_THUMB_SUPPORT = NO;
				GCC_VERSION = "";
				GCC_WARN_64_TO_32_BIT_CONVERSION = YES;
				GCC_WARN_ABOUT_RETURN_TYPE = YES;
				GCC_WARN_UNDECLARED_SELECTOR = YES;
				GCC_WARN_UNINITIALIZED_AUTOS = YES;
				GCC_WARN_UNUSED_FUNCTION = YES;
				GCC_WARN_UNUSED_VARIABLE = YES;
				ONLY_ACTIVE_ARCH = YES;
				SDKROOT = iphoneos;
				SKIP_INSTALL = NO;
				SWIFT_VERSION = 5.3;
				TARGETED_DEVICE_FAMILY = "1,2";
				WK_WEB_VIEW_ONLY = 1;
			};
			name = Debug;
		};
		C01FCF5008A954540054247B /* Release */ = {
			isa = XCBuildConfiguration;
			baseConfigurationReference = 3047A5111AB8059700498E2A /* build.xcconfig */;
			buildSettings = {
				CLANG_ANALYZER_LOCALIZABILITY_NONLOCALIZED = YES;
				CLANG_ENABLE_MODULES = YES;
				CLANG_ENABLE_OBJC_ARC = YES;
				CLANG_WARN_BLOCK_CAPTURE_AUTORELEASING = YES;
				CLANG_WARN_BOOL_CONVERSION = YES;
				CLANG_WARN_COMMA = YES;
				CLANG_WARN_CONSTANT_CONVERSION = YES;
				CLANG_WARN_DEPRECATED_OBJC_IMPLEMENTATIONS = YES;
				CLANG_WARN_EMPTY_BODY = YES;
				CLANG_WARN_ENUM_CONVERSION = YES;
				CLANG_WARN_INFINITE_RECURSION = YES;
				CLANG_WARN_INT_CONVERSION = YES;
				CLANG_WARN_NON_LITERAL_NULL_CONVERSION = YES;
				CLANG_WARN_OBJC_IMPLICIT_RETAIN_SELF = YES;
				CLANG_WARN_OBJC_LITERAL_CONVERSION = YES;
				CLANG_WARN_RANGE_LOOP_ANALYSIS = YES;
				CLANG_WARN_STRICT_PROTOTYPES = YES;
				CLANG_WARN_SUSPICIOUS_MOVE = YES;
				CLANG_WARN_UNREACHABLE_CODE = YES;
				CLANG_WARN__DUPLICATE_METHOD_MATCH = YES;
				ENABLE_STRICT_OBJC_MSGSEND = YES;
				GCC_C_LANGUAGE_STANDARD = c99;
				GCC_NO_COMMON_BLOCKS = YES;
				GCC_THUMB_SUPPORT = NO;
				GCC_VERSION = "";
				GCC_WARN_64_TO_32_BIT_CONVERSION = YES;
				GCC_WARN_ABOUT_RETURN_TYPE = YES;
				GCC_WARN_UNDECLARED_SELECTOR = YES;
				GCC_WARN_UNINITIALIZED_AUTOS = YES;
				GCC_WARN_UNUSED_FUNCTION = YES;
				GCC_WARN_UNUSED_VARIABLE = YES;
				SDKROOT = iphoneos;
				SKIP_INSTALL = NO;
				SWIFT_VERSION = 5.3;
				TARGETED_DEVICE_FAMILY = "1,2";
				WK_WEB_VIEW_ONLY = 1;
			};
			name = Release;
		};
/* End XCBuildConfiguration section */

/* Begin XCConfigurationList section */
		1D6058960D05DD3E006BFB54 /* Build configuration list for PBXNativeTarget "Seattle Metro Bus Tracker" */ = {
			isa = XCConfigurationList;
			buildConfigurations = (
				1D6058940D05DD3E006BFB54 /* Debug */,
				1D6058950D05DD3E006BFB54 /* Release */,
			);
			defaultConfigurationIsVisible = 0;
			defaultConfigurationName = Release;
		};
		C01FCF4E08A954540054247B /* Build configuration list for PBXProject "Seattle Metro Bus Tracker" */ = {
			isa = XCConfigurationList;
			buildConfigurations = (
				C01FCF4F08A954540054247B /* Debug */,
				C01FCF5008A954540054247B /* Release */,
			);
			defaultConfigurationIsVisible = 0;
			defaultConfigurationName = Release;
		};
/* End XCConfigurationList section */
	};
	rootObject = 29B97313FDCFA39411CA2CEA /* Project object */;
}
